%{
  "gen_state_machine": {:hex, :gen_state_machine, "3.0.0", "1e57f86a494e5c6b14137ebef26a7eb342b3b0070c7135f2d6768ed3f6b6cdff", [:mix], [], "hexpm", "0a59652574bebceb7309f6b749d2a41b45fdeda8dbb4da0791e355dd19f0ed15"},
  "logger_file_backend": {:hex, :logger_file_backend, "0.0.13", "df07b14970e9ac1f57362985d76e6f24e3e1ab05c248055b7d223976881977c2", [:mix], [], "hexpm", "71a453a7e6e899ae4549fb147b1c6621f4233f8f48f58ca10a64ec67b6c50018"},
}
